// !$*UTF8*$!
{
	archiveVersion = 1;
	classes = {
	};
	objectVersion = 55;
	objects = {

/* Begin PBXBuildFile section */
		9A6BAB792721BEF70021754B /* AppDelegate.swift in Sources */ = {isa = PBXBuildFile; fileRef = 9A6BAB782721BEF70021754B /* AppDelegate.swift */; };
		9A6BAB7B2721BEF70021754B /* SceneDelegate.swift in Sources */ = {isa = PBXBuildFile; fileRef = 9A6BAB7A2721BEF70021754B /* SceneDelegate.swift */; };
		9A6BAB7D2721BEF70021754B /* ViewController.swift in Sources */ = {isa = PBXBuildFile; fileRef = 9A6BAB7C2721BEF70021754B /* ViewController.swift */; };
		9A6BAB802721BEF70021754B /* Main.storyboard in Resources */ = {isa = PBXBuildFile; fileRef = 9A6BAB7E2721BEF70021754B /* Main.storyboard */; };
		9A6BAB822721BEF80021754B /* Assets.xcassets in Resources */ = {isa = PBXBuildFile; fileRef = 9A6BAB812721BEF80021754B /* Assets.xcassets */; };
		9A6BAB852721BEF80021754B /* LaunchScreen.storyboard in Resources */ = {isa = PBXBuildFile; fileRef = 9A6BAB832721BEF80021754B /* LaunchScreen.storyboard */; };
		9A6BAB902721BEF80021754B /* Label___11Tests.swift in Sources */ = {isa = PBXBuildFile; fileRef = 9A6BAB8F2721BEF80021754B /* Label___11Tests.swift */; };
		9A6BAB9A2721BEF80021754B /* Label___11UITests.swift in Sources */ = {isa = PBXBuildFile; fileRef = 9A6BAB992721BEF80021754B /* Label___11UITests.swift */; };
		9A6BAB9C2721BEF80021754B /* Label___11UITestsLaunchTests.swift in Sources */ = {isa = PBXBuildFile; fileRef = 9A6BAB9B2721BEF80021754B /* Label___11UITestsLaunchTests.swift */; };
/* End PBXBuildFile section */

/* Begin PBXContainerItemProxy section */
		9A6BAB8C2721BEF80021754B /* PBXContainerItemProxy */ = {
			isa = PBXContainerItemProxy;
			containerPortal = 9A6BAB6D2721BEF70021754B /* Project object */;
			proxyType = 1;
			remoteGlobalIDString = 9A6BAB742721BEF70021754B;
			remoteInfo = "Label - 11";
		};
		9A6BAB962721BEF80021754B /* PBXContainerItemProxy */ = {
			isa = PBXContainerItemProxy;
			containerPortal = 9A6BAB6D2721BEF70021754B /* Project object */;
			proxyType = 1;
			remoteGlobalIDString = 9A6BAB742721BEF70021754B;
			remoteInfo = "Label - 11";
		};
/* End PBXContainerItemProxy section */

/* Begin PBXFileReference section */
		9A6BAB752721BEF70021754B /* Label - 11.app */ = {isa = PBXFileReference; explicitFileType = wrapper.application; includeInIndex = 0; path = "Label - 11.app"; sourceTree = BUILT_PRODUCTS_DIR; };
		9A6BAB782721BEF70021754B /* AppDelegate.swift */ = {isa = PBXFileReference; lastKnownFileType = sourcecode.swift; path = AppDelegate.swift; sourceTree = "<group>"; };
		9A6BAB7A2721BEF70021754B /* SceneDelegate.swift */ = {isa = PBXFileReference; lastKnownFileType = sourcecode.swift; path = SceneDelegate.swift; sourceTree = "<group>"; };
		9A6BAB7C2721BEF70021754B /* ViewController.swift */ = {isa = PBXFileReference; lastKnownFileType = sourcecode.swift; path = ViewController.swift; sourceTree = "<group>"; };
		9A6BAB7F2721BEF70021754B /* Base */ = {isa = PBXFileReference; lastKnownFileType = file.storyboard; name = Base; path = Base.lproj/Main.storyboard; sourceTree = "<group>"; };
		9A6BAB812721BEF80021754B /* Assets.xcassets */ = {isa = PBXFileReference; lastKnownFileType = folder.assetcatalog; path = Assets.xcassets; sourceTree = "<group>"; };
		9A6BAB842721BEF80021754B /* Base */ = {isa = PBXFileReference; lastKnownFileType = file.storyboard; name = Base; path = Base.lproj/LaunchScreen.storyboard; sourceTree = "<group>"; };
		9A6BAB862721BEF80021754B /* Info.plist */ = {isa = PBXFileReference; lastKnownFileType = text.plist.xml; path = Info.plist; sourceTree = "<group>"; };
		9A6BAB8B2721BEF80021754B /* Label - 11Tests.xctest */ = {isa = PBXFileReference; explicitFileType = wrapper.cfbundle; includeInIndex = 0; path = "Label - 11Tests.xctest"; sourceTree = BUILT_PRODUCTS_DIR; };
		9A6BAB8F2721BEF80021754B /* Label___11Tests.swift */ = {isa = PBXFileReference; lastKnownFileType = sourcecode.swift; path = "Label___11Tests.swift"; sourceTree = "<group>"; };
		9A6BAB952721BEF80021754B /* Label - 11UITests.xctest */ = {isa = PBXFileReference; explicitFileType = wrapper.cfbundle; includeInIndex = 0; path = "Label - 11UITests.xctest"; sourceTree = BUILT_PRODUCTS_DIR; };
		9A6BAB992721BEF80021754B /* Label___11UITests.swift */ = {isa = PBXFileReference; lastKnownFileType = sourcecode.swift; path = "Label___11UITests.swift"; sourceTree = "<group>"; };
		9A6BAB9B2721BEF80021754B /* Label___11UITestsLaunchTests.swift */ = {isa = PBXFileReference; lastKnownFileType = sourcecode.swift; path = "Label___11UITestsLaunchTests.swift"; sourceTree = "<group>"; };
/* End PBXFileReference section */

/* Begin PBXFrameworksBuildPhase section */
		9A6BAB722721BEF70021754B /* Frameworks */ = {
			isa = PBXFrameworksBuildPhase;
			buildActionMask = 2147483647;
			files = (
			);
			runOnlyForDeploymentPostprocessing = 0;
		};
		9A6BAB882721BEF80021754B /* Frameworks */ = {
			isa = PBXFrameworksBuildPhase;
			buildActionMask = 2147483647;
			files = (
			);
			runOnlyForDeploymentPostprocessing = 0;
		};
		9A6BAB922721BEF80021754B /* Frameworks */ = {
			isa = PBXFrameworksBuildPhase;
			buildActionMask = 2147483647;
			files = (
			);
			runOnlyForDeploymentPostprocessing = 0;
		};
/* End PBXFrameworksBuildPhase section */

/* Begin PBXGroup section */
		9A6BAB6C2721BEF70021754B = {
			isa = PBXGroup;
			children = (
				9A6BAB772721BEF70021754B /* Label - 11 */,
				9A6BAB8E2721BEF80021754B /* Label - 11Tests */,
				9A6BAB982721BEF80021754B /* Label - 11UITests */,
				9A6BAB762721BEF70021754B /* Products */,
			);
			sourceTree = "<group>";
		};
		9A6BAB762721BEF70021754B /* Products */ = {
			isa = PBXGroup;
			children = (
				9A6BAB752721BEF70021754B /* Label - 11.app */,
				9A6BAB8B2721BEF80021754B /* Label - 11Tests.xctest */,
				9A6BAB952721BEF80021754B /* Label - 11UITests.xctest */,
			);
			name = Products;
			sourceTree = "<group>";
		};
		9A6BAB772721BEF70021754B /* Label - 11 */ = {
			isa = PBXGroup;
			children = (
				9A6BAB782721BEF70021754B /* AppDelegate.swift */,
				9A6BAB7A2721BEF70021754B /* SceneDelegate.swift */,
				9A6BAB7C2721BEF70021754B /* ViewController.swift */,
				9A6BAB7E2721BEF70021754B /* Main.storyboard */,
				9A6BAB812721BEF80021754B /* Assets.xcassets */,
				9A6BAB832721BEF80021754B /* LaunchScreen.storyboard */,
				9A6BAB862721BEF80021754B /* Info.plist */,
			);
			path = "Label - 11";
			sourceTree = "<group>";
		};
		9A6BAB8E2721BEF80021754B /* Label - 11Tests */ = {
			isa = PBXGroup;
			children = (
				9A6BAB8F2721BEF80021754B /* Label___11Tests.swift */,
			);
			path = "Label - 11Tests";
			sourceTree = "<group>";
		};
		9A6BAB982721BEF80021754B /* Label - 11UITests */ = {
			isa = PBXGroup;
			children = (
				9A6BAB992721BEF80021754B /* Label___11UITests.swift */,
				9A6BAB9B2721BEF80021754B /* Label___11UITestsLaunchTests.swift */,
			);
			path = "Label - 11UITests";
			sourceTree = "<group>";
		};
/* End PBXGroup section */

/* Begin PBXNativeTarget section */
		9A6BAB742721BEF70021754B /* Label - 11 */ = {
			isa = PBXNativeTarget;
			buildConfigurationList = 9A6BAB9F2721BEF80021754B /* Build configuration list for PBXNativeTarget "Label - 11" */;
			buildPhases = (
				9A6BAB712721BEF70021754B /* Sources */,
				9A6BAB722721BEF70021754B /* Frameworks */,
				9A6BAB732721BEF70021754B /* Resources */,
			);
			buildRules = (
			);
			dependencies = (
			);
			name = "Label - 11";
			productName = "Label - 11";
			productReference = 9A6BAB752721BEF70021754B /* Label - 11.app */;
			productType = "com.apple.product-type.application";
		};
		9A6BAB8A2721BEF80021754B /* Label - 11Tests */ = {
			isa = PBXNativeTarget;
			buildConfigurationList = 9A6BABA22721BEF80021754B /* Build configuration list for PBXNativeTarget "Label - 11Tests" */;
			buildPhases = (
				9A6BAB872721BEF80021754B /* Sources */,
				9A6BAB882721BEF80021754B /* Frameworks */,
				9A6BAB892721BEF80021754B /* Resources */,
			);
			buildRules = (
			);
			dependencies = (
				9A6BAB8D2721BEF80021754B /* PBXTargetDependency */,
			);
			name = "Label - 11Tests";
			productName = "Label - 11Tests";
			productReference = 9A6BAB8B2721BEF80021754B /* Label - 11Tests.xctest */;
			productType = "com.apple.product-type.bundle.unit-test";
		};
		9A6BAB942721BEF80021754B /* Label - 11UITests */ = {
			isa = PBXNativeTarget;
			buildConfigurationList = 9A6BABA52721BEF80021754B /* Build configuration list for PBXNativeTarget "Label - 11UITests" */;
			buildPhases = (
				9A6BAB912721BEF80021754B /* Sources */,
				9A6BAB922721BEF80021754B /* Frameworks */,
				9A6BAB932721BEF80021754B /* Resources */,
			);
			buildRules = (
			);
			dependencies = (
				9A6BAB972721BEF80021754B /* PBXTargetDependency */,
			);
			name = "Label - 11UITests";
			productName = "Label - 11UITests";
			productReference = 9A6BAB952721BEF80021754B /* Label - 11UITests.xctest */;
			productType = "com.apple.product-type.bundle.ui-testing";
		};
/* End PBXNativeTarget section */

/* Begin PBXProject section */
		9A6BAB6D2721BEF70021754B /* Project object */ = {
			isa = PBXProject;
			attributes = {
				BuildIndependentTargetsInParallel = 1;
				LastSwiftUpdateCheck = 1300;
				LastUpgradeCheck = 1300;
				TargetAttributes = {
					9A6BAB742721BEF70021754B = {
						CreatedOnToolsVersion = 13.0;
					};
					9A6BAB8A2721BEF80021754B = {
						CreatedOnToolsVersion = 13.0;
						TestTargetID = 9A6BAB742721BEF70021754B;
					};
					9A6BAB942721BEF80021754B = {
						CreatedOnToolsVersion = 13.0;
						TestTargetID = 9A6BAB742721BEF70021754B;
					};
				};
			};
			buildConfigurationList = 9A6BAB702721BEF70021754B /* Build configuration list for PBXProject "Label - 11" */;
			compatibilityVersion = "Xcode 13.0";
			developmentRegion = en;
			hasScannedForEncodings = 0;
			knownRegions = (
				en,
				Base,
			);
			mainGroup = 9A6BAB6C2721BEF70021754B;
			productRefGroup = 9A6BAB762721BEF70021754B /* Products */;
			projectDirPath = "";
			projectRoot = "";
			targets = (
				9A6BAB742721BEF70021754B /* Label - 11 */,
				9A6BAB8A2721BEF80021754B /* Label - 11Tests */,
				9A6BAB942721BEF80021754B /* Label - 11UITests */,
			);
		};
/* End PBXProject section */

/* Begin PBXResourcesBuildPhase section */
		9A6BAB732721BEF70021754B /* Resources */ = {
			isa = PBXResourcesBuildPhase;
			buildActionMask = 2147483647;
			files = (
				9A6BAB852721BEF80021754B /* LaunchScreen.storyboard in Resources */,
				9A6BAB822721BEF80021754B /* Assets.xcassets in Resources */,
				9A6BAB802721BEF70021754B /* Main.storyboard in Resources */,
			);
			runOnlyForDeploymentPostprocessing = 0;
		};
		9A6BAB892721BEF80021754B /* Resources */ = {
			isa = PBXResourcesBuildPhase;
			buildActionMask = 2147483647;
			files = (
			);
			runOnlyForDeploymentPostprocessing = 0;
		};
		9A6BAB932721BEF80021754B /* Resources */ = {
			isa = PBXResourcesBuildPhase;
			buildActionMask = 2147483647;
			files = (
			);
			runOnlyForDeploymentPostprocessing = 0;
		};
/* End PBXResourcesBuildPhase section */

/* Begin PBXSourcesBuildPhase section */
		9A6BAB712721BEF70021754B /* Sources */ = {
			isa = PBXSourcesBuildPhase;
			buildActionMask = 2147483647;
			files = (
				9A6BAB7D2721BEF70021754B /* ViewController.swift in Sources */,
				9A6BAB792721BEF70021754B /* AppDelegate.swift in Sources */,
				9A6BAB7B2721BEF70021754B /* SceneDelegate.swift in Sources */,
			);
			runOnlyForDeploymentPostprocessing = 0;
		};
		9A6BAB872721BEF80021754B /* Sources */ = {
			isa = PBXSourcesBuildPhase;
			buildActionMask = 2147483647;
			files = (
				9A6BAB902721BEF80021754B /* Label___11Tests.swift in Sources */,
			);
			runOnlyForDeploymentPostprocessing = 0;
		};
		9A6BAB912721BEF80021754B /* Sources */ = {
			isa = PBXSourcesBuildPhase;
			buildActionMask = 2147483647;
			files = (
				9A6BAB9A2721BEF80021754B /* Label___11UITests.swift in Sources */,
				9A6BAB9C2721BEF80021754B /* Label___11UITestsLaunchTests.swift in Sources */,
			);
			runOnlyForDeploymentPostprocessing = 0;
		};
/* End PBXSourcesBuildPhase section */

/* Begin PBXTargetDependency section */
		9A6BAB8D2721BEF80021754B /* PBXTargetDependency */ = {
			isa = PBXTargetDependency;
			target = 9A6BAB742721BEF70021754B /* Label - 11 */;
			targetProxy = 9A6BAB8C2721BEF80021754B /* PBXContainerItemProxy */;
		};
		9A6BAB972721BEF80021754B /* PBXTargetDependency */ = {
			isa = PBXTargetDependency;
			target = 9A6BAB742721BEF70021754B /* Label - 11 */;
			targetProxy = 9A6BAB962721BEF80021754B /* PBXContainerItemProxy */;
		};
/* End PBXTargetDependency section */

/* Begin PBXVariantGroup section */
		9A6BAB7E2721BEF70021754B /* Main.storyboard */ = {
			isa = PBXVariantGroup;
			children = (
				9A6BAB7F2721BEF70021754B /* Base */,
			);
			name = Main.storyboard;
			sourceTree = "<group>";
		};
		9A6BAB832721BEF80021754B /* LaunchScreen.storyboard */ = {
			isa = PBXVariantGroup;
			children = (
				9A6BAB842721BEF80021754B /* Base */,
			);
			name = LaunchScreen.storyboard;
			sourceTree = "<group>";
		};
/* End PBXVariantGroup section */

/* Begin XCBuildConfiguration section */
		9A6BAB9D2721BEF80021754B /* Debug */ = {
			isa = XCBuildConfiguration;
			buildSettings = {
				ALWAYS_SEARCH_USER_PATHS = NO;
				CLANG_ANALYZER_NONNULL = YES;
				CLANG_ANALYZER_NUMBER_OBJECT_CONVERSION = YES_AGGRESSIVE;
				CLANG_CXX_LANGUAGE_STANDARD = "gnu++17";
				CLANG_CXX_LIBRARY = "libc++";
				CLANG_ENABLE_MODULES = YES;
				CLANG_ENABLE_OBJC_ARC = YES;
				CLANG_ENABLE_OBJC_WEAK = YES;
				CLANG_WARN_BLOCK_CAPTURE_AUTORELEASING = YES;
				CLANG_WARN_BOOL_CONVERSION = YES;
				CLANG_WARN_COMMA = YES;
				CLANG_WARN_CONSTANT_CONVERSION = YES;
				CLANG_WARN_DEPRECATED_OBJC_IMPLEMENTATIONS = YES;
				CLANG_WARN_DIRECT_OBJC_ISA_USAGE = YES_ERROR;
				CLANG_WARN_DOCUMENTATION_COMMENTS = YES;
				CLANG_WARN_EMPTY_BODY = YES;
				CLANG_WARN_ENUM_CONVERSION = YES;
				CLANG_WARN_INFINITE_RECURSION = YES;
				CLANG_WARN_INT_CONVERSION = YES;
				CLANG_WARN_NON_LITERAL_NULL_CONVERSION = YES;
				CLANG_WARN_OBJC_IMPLICIT_RETAIN_SELF = YES;
				CLANG_WARN_OBJC_LITERAL_CONVERSION = YES;
				CLANG_WARN_OBJC_ROOT_CLASS = YES_ERROR;
				CLANG_WARN_QUOTED_INCLUDE_IN_FRAMEWORK_HEADER = YES;
				CLANG_WARN_RANGE_LOOP_ANALYSIS = YES;
				CLANG_WARN_STRICT_PROTOTYPES = YES;
				CLANG_WARN_SUSPICIOUS_MOVE = YES;
				CLANG_WARN_UNGUARDED_AVAILABILITY = YES_AGGRESSIVE;
				CLANG_WARN_UNREACHABLE_CODE = YES;
				CLANG_WARN__DUPLICATE_METHOD_MATCH = YES;
				COPY_PHASE_STRIP = NO;
				DEBUG_INFORMATION_FORMAT = dwarf;
				ENABLE_STRICT_OBJC_MSGSEND = YES;
				ENABLE_TESTABILITY = YES;
				GCC_C_LANGUAGE_STANDARD = gnu11;
				GCC_DYNAMIC_NO_PIC = NO;
				GCC_NO_COMMON_BLOCKS = YES;
				GCC_OPTIMIZATION_LEVEL = 0;
				GCC_PREPROCESSOR_DEFINITIONS = (
					"DEBUG=1",
					"$(inherited)",
				);
				GCC_WARN_64_TO_32_BIT_CONVERSION = YES;
				GCC_WARN_ABOUT_RETURN_TYPE = YES_ERROR;
				GCC_WARN_UNDECLARED_SELECTOR = YES;
				GCC_WARN_UNINITIALIZED_AUTOS = YES_AGGRESSIVE;
				GCC_WARN_UNUSED_FUNCTION = YES;
				GCC_WARN_UNUSED_VARIABLE = YES;
				IPHONEOS_DEPLOYMENT_TARGET = 15.0;
				MTL_ENABLE_DEBUG_INFO = INCLUDE_SOURCE;
				MTL_FAST_MATH = YES;
				ONLY_ACTIVE_ARCH = YES;
				SDKROOT = iphoneos;
				SWIFT_ACTIVE_COMPILATION_CONDITIONS = DEBUG;
				SWIFT_OPTIMIZATION_LEVEL = "-Onone";
			};
			name = Debug;
		};
		9A6BAB9E2721BEF80021754B /* Release */ = {
			isa = XCBuildConfiguration;
			buildSettings = {
				ALWAYS_SEARCH_USER_PATHS = NO;
				CLANG_ANALYZER_NONNULL = YES;
				CLANG_ANALYZER_NUMBER_OBJECT_CONVERSION = YES_AGGRESSIVE;
				CLANG_CXX_LANGUAGE_STANDARD = "gnu++17";
				CLANG_CXX_LIBRARY = "libc++";
				CLANG_ENABLE_MODULES = YES;
				CLANG_ENABLE_OBJC_ARC = YES;
				CLANG_ENABLE_OBJC_WEAK = YES;
				CLANG_WARN_BLOCK_CAPTURE_AUTORELEASING = YES;
				CLANG_WARN_BOOL_CONVERSION = YES;
				CLANG_WARN_COMMA = YES;
				CLANG_WARN_CONSTANT_CONVERSION = YES;
				CLANG_WARN_DEPRECATED_OBJC_IMPLEMENTATIONS = YES;
				CLANG_WARN_DIRECT_OBJC_ISA_USAGE = YES_ERROR;
				CLANG_WARN_DOCUMENTATION_COMMENTS = YES;
				CLANG_WARN_EMPTY_BODY = YES;
				CLANG_WARN_ENUM_CONVERSION = YES;
				CLANG_WARN_INFINITE_RECURSION = YES;
				CLANG_WARN_INT_CONVERSION = YES;
				CLANG_WARN_NON_LITERAL_NULL_CONVERSION = YES;
				CLANG_WARN_OBJC_IMPLICIT_RETAIN_SELF = YES;
				CLANG_WARN_OBJC_LITERAL_CONVERSION = YES;
				CLANG_WARN_OBJC_ROOT_CLASS = YES_ERROR;
				CLANG_WARN_QUOTED_INCLUDE_IN_FRAMEWORK_HEADER = YES;
				CLANG_WARN_RANGE_LOOP_ANALYSIS = YES;
				CLANG_WARN_STRICT_PROTOTYPES = YES;
				CLANG_WARN_SUSPICIOUS_MOVE = YES;
				CLANG_WARN_UNGUARDED_AVAILABILITY = YES_AGGRESSIVE;
				CLANG_WARN_UNREACHABLE_CODE = YES;
				CLANG_WARN__DUPLICATE_METHOD_MATCH = YES;
				COPY_PHASE_STRIP = NO;
				DEBUG_INFORMATION_FORMAT = "dwarf-with-dsym";
				ENABLE_NS_ASSERTIONS = NO;
				ENABLE_STRICT_OBJC_MSGSEND = YES;
				GCC_C_LANGUAGE_STANDARD = gnu11;
				GCC_NO_COMMON_BLOCKS = YES;
				GCC_WARN_64_TO_32_BIT_CONVERSION = YES;
				GCC_WARN_ABOUT_RETURN_TYPE = YES_ERROR;
				GCC_WARN_UNDECLARED_SELECTOR = YES;
				GCC_WARN_UNINITIALIZED_AUTOS = YES_AGGRESSIVE;
				GCC_WARN_UNUSED_FUNCTION = YES;
				GCC_WARN_UNUSED_VARIABLE = YES;
				IPHONEOS_DEPLOYMENT_TARGET = 15.0;
				MTL_ENABLE_DEBUG_INFO = NO;
				MTL_FAST_MATH = YES;
				SDKROOT = iphoneos;
				SWIFT_COMPILATION_MODE = wholemodule;
				SWIFT_OPTIMIZATION_LEVEL = "-O";
				VALIDATE_PRODUCT = YES;
			};
			name = Release;
		};
		9A6BABA02721BEF80021754B /* Debug */ = {
			isa = XCBuildConfiguration;
			buildSettings = {
				ASSETCATALOG_COMPILER_APPICON_NAME = AppIcon;
				ASSETCATALOG_COMPILER_GLOBAL_ACCENT_COLOR_NAME = AccentColor;
				CODE_SIGN_STYLE = Automatic;
				CURRENT_PROJECT_VERSION = 1;
				GENERATE_INFOPLIST_FILE = YES;
				INFOPLIST_FILE = "Label - 11/Info.plist";
				INFOPLIST_KEY_UIApplicationSupportsIndirectInputEvents = YES;
				INFOPLIST_KEY_UILaunchStoryboardName = LaunchScreen;
				INFOPLIST_KEY_UIMainStoryboardFile = Main;
				INFOPLIST_KEY_UISupportedInterfaceOrientations_iPad = "UIInterfaceOrientationPortrait UIInterfaceOrientationPortraitUpsideDown UIInterfaceOrientationLandscapeLeft UIInterfaceOrientationLandscapeRight";
				INFOPLIST_KEY_UISupportedInterfaceOrientations_iPhone = "UIInterfaceOrientationPortrait UIInterfaceOrientationLandscapeLeft UIInterfaceOrientationLandscapeRight";
				LD_RUNPATH_SEARCH_PATHS = (
					"$(inherited)",
					"@executable_path/Frameworks",
				);
				MARKETING_VERSION = 1.0;
				PRODUCT_BUNDLE_IDENTIFIER = "tuwaiq-iosa.Label---11";
				PRODUCT_NAME = "$(TARGET_NAME)";
				SWIFT_EMIT_LOC_STRINGS = YES;
				SWIFT_VERSION = 5.0;
				TARGETED_DEVICE_FAMILY = "1,2";
			};
			name = Debug;
		};
		9A6BABA12721BEF80021754B /* Release */ = {
			isa = XCBuildConfiguration;
			buildSettings = {
				ASSETCATALOG_COMPILER_APPICON_NAME = AppIcon;
				ASSETCATALOG_COMPILER_GLOBAL_ACCENT_COLOR_NAME = AccentColor;
				CODE_SIGN_STYLE = Automatic;
				CURRENT_PROJECT_VERSION = 1;
				GENERATE_INFOPLIST_FILE = YES;
				INFOPLIST_FILE = "Label - 11/Info.plist";
				INFOPLIST_KEY_UIApplicationSupportsIndirectInputEvents = YES;
				INFOPLIST_KEY_UILaunchStoryboardName = LaunchScreen;
				INFOPLIST_KEY_UIMainStoryboardFile = Main;
				INFOPLIST_KEY_UISupportedInterfaceOrientations_iPad = "UIInterfaceOrientationPortrait UIInterfaceOrientationPortraitUpsideDown UIInterfaceOrientationLandscapeLeft UIInterfaceOrientationLandscapeRight";
				INFOPLIST_KEY_UISupportedInterfaceOrientations_iPhone = "UIInterfaceOrientationPortrait UIInterfaceOrientationLandscapeLeft UIInterfaceOrientationLandscapeRight";
				LD_RUNPATH_SEARCH_PATHS = (
					"$(inherited)",
					"@executable_path/Frameworks",
				);
				MARKETING_VERSION = 1.0;
				PRODUCT_BUNDLE_IDENTIFIER = "tuwaiq-iosa.Label---11";
				PRODUCT_NAME = "$(TARGET_NAME)";
				SWIFT_EMIT_LOC_STRINGS = YES;
				SWIFT_VERSION = 5.0;
				TARGETED_DEVICE_FAMILY = "1,2";
			};
			name = Release;
		};
		9A6BABA32721BEF80021754B /* Debug */ = {
			isa = XCBuildConfiguration;
			buildSettings = {
				ALWAYS_EMBED_SWIFT_STANDARD_LIBRARIES = YES;
				BUNDLE_LOADER = "$(TEST_HOST)";
				CODE_SIGN_STYLE = Automatic;
				CURRENT_PROJECT_VERSION = 1;
				GENERATE_INFOPLIST_FILE = YES;
				IPHONEOS_DEPLOYMENT_TARGET = 15.0;
				LD_RUNPATH_SEARCH_PATHS = (
					"$(inherited)",
					"@executable_path/Frameworks",
					"@loader_path/Frameworks",
				);
				MARKETING_VERSION = 1.0;
				PRODUCT_BUNDLE_IDENTIFIER = "tuwaiq-iosa.Label---11Tests";
				PRODUCT_NAME = "$(TARGET_NAME)";
				SWIFT_EMIT_LOC_STRINGS = NO;
				SWIFT_VERSION = 5.0;
				TARGETED_DEVICE_FAMILY = "1,2";
				TEST_HOST = "$(BUILT_PRODUCTS_DIR)/Label - 11.app/Label - 11";
			};
			name = Debug;
		};
		9A6BABA42721BEF80021754B /* Release */ = {
			isa = XCBuildConfiguration;
			buildSettings = {
				ALWAYS_EMBED_SWIFT_STANDARD_LIBRARIES = YES;
				BUNDLE_LOADER = "$(TEST_HOST)";
				CODE_SIGN_STYLE = Automatic;
				CURRENT_PROJECT_VERSION = 1;
				GENERATE_INFOPLIST_FILE = YES;
				IPHONEOS_DEPLOYMENT_TARGET = 15.0;
				LD_RUNPATH_SEARCH_PATHS = (
					"$(inherited)",
					"@executable_path/Frameworks",
					"@loader_path/Frameworks",
				);
				MARKETING_VERSION = 1.0;
				PRODUCT_BUNDLE_IDENTIFIER = "tuwaiq-iosa.Label---11Tests";
				PRODUCT_NAME = "$(TARGET_NAME)";
				SWIFT_EMIT_LOC_STRINGS = NO;
				SWIFT_VERSION = 5.0;
				TARGETED_DEVICE_FAMILY = "1,2";
				TEST_HOST = "$(BUILT_PRODUCTS_DIR)/Label - 11.app/Label - 11";
			};
			name = Release;
		};
		9A6BABA62721BEF80021754B /* Debug */ = {
			isa = XCBuildConfiguration;
			buildSettings = {
				ALWAYS_EMBED_SWIFT_STANDARD_LIBRARIES = YES;
				CODE_SIGN_STYLE = Automatic;
				CURRENT_PROJECT_VERSION = 1;
				GENERATE_INFOPLIST_FILE = YES;
				LD_RUNPATH_SEARCH_PATHS = (
					"$(inherited)",
					"@executable_path/Frameworks",
					"@loader_path/Frameworks",
				);
				MARKETING_VERSION = 1.0;
				PRODUCT_BUNDLE_IDENTIFIER = "tuwaiq-iosa.Label---11UITests";
				PRODUCT_NAME = "$(TARGET_NAME)";
				SWIFT_EMIT_LOC_STRINGS = NO;
				SWIFT_VERSION = 5.0;
				TARGETED_DEVICE_FAMILY = "1,2";
				TEST_TARGET_NAME = "Label - 11";
			};
			name = Debug;
		};
		9A6BABA72721BEF80021754B /* Release */ = {
			isa = XCBuildConfiguration;
			buildSettings = {
				ALWAYS_EMBED_SWIFT_STANDARD_LIBRARIES = YES;
				CODE_SIGN_STYLE = Automatic;
				CURRENT_PROJECT_VERSION = 1;
				GENERATE_INFOPLIST_FILE = YES;
				LD_RUNPATH_SEARCH_PATHS = (
					"$(inherited)",
					"@executable_path/Frameworks",
					"@loader_path/Frameworks",
				);
				MARKETING_VERSION = 1.0;
				PRODUCT_BUNDLE_IDENTIFIER = "tuwaiq-iosa.Label---11UITests";
				PRODUCT_NAME = "$(TARGET_NAME)";
				SWIFT_EMIT_LOC_STRINGS = NO;
				SWIFT_VERSION = 5.0;
				TARGETED_DEVICE_FAMILY = "1,2";
				TEST_TARGET_NAME = "Label - 11";
			};
			name = Release;
		};
/* End XCBuildConfiguration section */

/* Begin XCConfigurationList section */
		9A6BAB702721BEF70021754B /* Build configuration list for PBXProject "Label - 11" */ = {
			isa = XCConfigurationList;
			buildConfigurations = (
				9A6BAB9D2721BEF80021754B /* Debug */,
				9A6BAB9E2721BEF80021754B /* Release */,
			);
			defaultConfigurationIsVisible = 0;
			defaultConfigurationName = Release;
		};
		9A6BAB9F2721BEF80021754B /* Build configuration list for PBXNativeTarget "Label - 11" */ = {
			isa = XCConfigurationList;
			buildConfigurations = (
				9A6BABA02721BEF80021754B /* Debug */,
				9A6BABA12721BEF80021754B /* Release */,
			);
			defaultConfigurationIsVisible = 0;
			defaultConfigurationName = Release;
		};
		9A6BABA22721BEF80021754B /* Build configuration list for PBXNativeTarget "Label - 11Tests" */ = {
			isa = XCConfigurationList;
			buildConfigurations = (
				9A6BABA32721BEF80021754B /* Debug */,
				9A6BABA42721BEF80021754B /* Release */,
			);
			defaultConfigurationIsVisible = 0;
			defaultConfigurationName = Release;
		};
		9A6BABA52721BEF80021754B /* Build configuration list for PBXNativeTarget "Label - 11UITests" */ = {
			isa = XCConfigurationList;
			buildConfigurations = (
				9A6BABA62721BEF80021754B /* Debug */,
				9A6BABA72721BEF80021754B /* Release */,
			);
			defaultConfigurationIsVisible = 0;
			defaultConfigurationName = Release;
		};
/* End XCConfigurationList section */
	};
	rootObject = 9A6BAB6D2721BEF70021754B /* Project object */;
}
