// !$*UTF8*$!
{
	archiveVersion = 1;
	classes = {
	};
	objectVersion = 55;
	objects = {

/* Begin PBXBuildFile section */
		BD964513272093C5000DB974 /* AppDelegate.swift in Sources */ = {isa = PBXBuildFile; fileRef = BD964512272093C5000DB974 /* AppDelegate.swift */; };
		BD964515272093C5000DB974 /* SceneDelegate.swift in Sources */ = {isa = PBXBuildFile; fileRef = BD964514272093C5000DB974 /* SceneDelegate.swift */; };
		BD964517272093C5000DB974 /* ViewController.swift in Sources */ = {isa = PBXBuildFile; fileRef = BD964516272093C5000DB974 /* ViewController.swift */; };
		BD96451A272093C5000DB974 /* Main.storyboard in Resources */ = {isa = PBXBuildFile; fileRef = BD964518272093C5000DB974 /* Main.storyboard */; };
		BD96451C272093C5000DB974 /* Assets.xcassets in Resources */ = {isa = PBXBuildFile; fileRef = BD96451B272093C5000DB974 /* Assets.xcassets */; };
		BD96451F272093C5000DB974 /* LaunchScreen.storyboard in Resources */ = {isa = PBXBuildFile; fileRef = BD96451D272093C5000DB974 /* LaunchScreen.storyboard */; };
		BD96452A272093C5000DB974 /* NouraAlnamiTests.swift in Sources */ = {isa = PBXBuildFile; fileRef = BD964529272093C5000DB974 /* NouraAlnamiTests.swift */; };
		BD964534272093C5000DB974 /* NouraAlnamiUITests.swift in Sources */ = {isa = PBXBuildFile; fileRef = BD964533272093C5000DB974 /* NouraAlnamiUITests.swift */; };
		BD964536272093C5000DB974 /* NouraAlnamiUITestsLaunchTests.swift in Sources */ = {isa = PBXBuildFile; fileRef = BD964535272093C5000DB974 /* NouraAlnamiUITestsLaunchTests.swift */; };
/* End PBXBuildFile section */

/* Begin PBXContainerItemProxy section */
		BD964526272093C5000DB974 /* PBXContainerItemProxy */ = {
			isa = PBXContainerItemProxy;
			containerPortal = BD964507272093C5000DB974 /* Project object */;
			proxyType = 1;
			remoteGlobalIDString = BD96450E272093C5000DB974;
			remoteInfo = NouraAlnami;
		};
		BD964530272093C5000DB974 /* PBXContainerItemProxy */ = {
			isa = PBXContainerItemProxy;
			containerPortal = BD964507272093C5000DB974 /* Project object */;
			proxyType = 1;
			remoteGlobalIDString = BD96450E272093C5000DB974;
			remoteInfo = NouraAlnami;
		};
/* End PBXContainerItemProxy section */

/* Begin PBXFileReference section */
		BD96450F272093C5000DB974 /* NouraAlnami.app */ = {isa = PBXFileReference; explicitFileType = wrapper.application; includeInIndex = 0; path = NouraAlnami.app; sourceTree = BUILT_PRODUCTS_DIR; };
		BD964512272093C5000DB974 /* AppDelegate.swift */ = {isa = PBXFileReference; lastKnownFileType = sourcecode.swift; path = AppDelegate.swift; sourceTree = "<group>"; };
		BD964514272093C5000DB974 /* SceneDelegate.swift */ = {isa = PBXFileReference; lastKnownFileType = sourcecode.swift; path = SceneDelegate.swift; sourceTree = "<group>"; };
		BD964516272093C5000DB974 /* ViewController.swift */ = {isa = PBXFileReference; lastKnownFileType = sourcecode.swift; path = ViewController.swift; sourceTree = "<group>"; };
		BD964519272093C5000DB974 /* Base */ = {isa = PBXFileReference; lastKnownFileType = file.storyboard; name = Base; path = Base.lproj/Main.storyboard; sourceTree = "<group>"; };
		BD96451B272093C5000DB974 /* Assets.xcassets */ = {isa = PBXFileReference; lastKnownFileType = folder.assetcatalog; path = Assets.xcassets; sourceTree = "<group>"; };
		BD96451E272093C5000DB974 /* Base */ = {isa = PBXFileReference; lastKnownFileType = file.storyboard; name = Base; path = Base.lproj/LaunchScreen.storyboard; sourceTree = "<group>"; };
		BD964520272093C5000DB974 /* Info.plist */ = {isa = PBXFileReference; lastKnownFileType = text.plist.xml; path = Info.plist; sourceTree = "<group>"; };
		BD964525272093C5000DB974 /* NouraAlnamiTests.xctest */ = {isa = PBXFileReference; explicitFileType = wrapper.cfbundle; includeInIndex = 0; path = NouraAlnamiTests.xctest; sourceTree = BUILT_PRODUCTS_DIR; };
		BD964529272093C5000DB974 /* NouraAlnamiTests.swift */ = {isa = PBXFileReference; lastKnownFileType = sourcecode.swift; path = NouraAlnamiTests.swift; sourceTree = "<group>"; };
		BD96452F272093C5000DB974 /* NouraAlnamiUITests.xctest */ = {isa = PBXFileReference; explicitFileType = wrapper.cfbundle; includeInIndex = 0; path = NouraAlnamiUITests.xctest; sourceTree = BUILT_PRODUCTS_DIR; };
		BD964533272093C5000DB974 /* NouraAlnamiUITests.swift */ = {isa = PBXFileReference; lastKnownFileType = sourcecode.swift; path = NouraAlnamiUITests.swift; sourceTree = "<group>"; };
		BD964535272093C5000DB974 /* NouraAlnamiUITestsLaunchTests.swift */ = {isa = PBXFileReference; lastKnownFileType = sourcecode.swift; path = NouraAlnamiUITestsLaunchTests.swift; sourceTree = "<group>"; };
/* End PBXFileReference section */

/* Begin PBXFrameworksBuildPhase section */
		BD96450C272093C5000DB974 /* Frameworks */ = {
			isa = PBXFrameworksBuildPhase;
			buildActionMask = 2147483647;
			files = (
			);
			runOnlyForDeploymentPostprocessing = 0;
		};
		BD964522272093C5000DB974 /* Frameworks */ = {
			isa = PBXFrameworksBuildPhase;
			buildActionMask = 2147483647;
			files = (
			);
			runOnlyForDeploymentPostprocessing = 0;
		};
		BD96452C272093C5000DB974 /* Frameworks */ = {
			isa = PBXFrameworksBuildPhase;
			buildActionMask = 2147483647;
			files = (
			);
			runOnlyForDeploymentPostprocessing = 0;
		};
/* End PBXFrameworksBuildPhase section */

/* Begin PBXGroup section */
		BD964506272093C5000DB974 = {
			isa = PBXGroup;
			children = (
				BD964511272093C5000DB974 /* NouraAlnami */,
				BD964528272093C5000DB974 /* NouraAlnamiTests */,
				BD964532272093C5000DB974 /* NouraAlnamiUITests */,
				BD964510272093C5000DB974 /* Products */,
			);
			sourceTree = "<group>";
		};
		BD964510272093C5000DB974 /* Products */ = {
			isa = PBXGroup;
			children = (
				BD96450F272093C5000DB974 /* NouraAlnami.app */,
				BD964525272093C5000DB974 /* NouraAlnamiTests.xctest */,
				BD96452F272093C5000DB974 /* NouraAlnamiUITests.xctest */,
			);
			name = Products;
			sourceTree = "<group>";
		};
		BD964511272093C5000DB974 /* NouraAlnami */ = {
			isa = PBXGroup;
			children = (
				BD964512272093C5000DB974 /* AppDelegate.swift */,
				BD964514272093C5000DB974 /* SceneDelegate.swift */,
				BD964516272093C5000DB974 /* ViewController.swift */,
				BD964518272093C5000DB974 /* Main.storyboard */,
				BD96451B272093C5000DB974 /* Assets.xcassets */,
				BD96451D272093C5000DB974 /* LaunchScreen.storyboard */,
				BD964520272093C5000DB974 /* Info.plist */,
			);
			path = NouraAlnami;
			sourceTree = "<group>";
		};
		BD964528272093C5000DB974 /* NouraAlnamiTests */ = {
			isa = PBXGroup;
			children = (
				BD964529272093C5000DB974 /* NouraAlnamiTests.swift */,
			);
			path = NouraAlnamiTests;
			sourceTree = "<group>";
		};
		BD964532272093C5000DB974 /* NouraAlnamiUITests */ = {
			isa = PBXGroup;
			children = (
				BD964533272093C5000DB974 /* NouraAlnamiUITests.swift */,
				BD964535272093C5000DB974 /* NouraAlnamiUITestsLaunchTests.swift */,
			);
			path = NouraAlnamiUITests;
			sourceTree = "<group>";
		};
/* End PBXGroup section */

/* Begin PBXNativeTarget section */
		BD96450E272093C5000DB974 /* NouraAlnami */ = {
			isa = PBXNativeTarget;
			buildConfigurationList = BD964539272093C5000DB974 /* Build configuration list for PBXNativeTarget "NouraAlnami" */;
			buildPhases = (
				BD96450B272093C5000DB974 /* Sources */,
				BD96450C272093C5000DB974 /* Frameworks */,
				BD96450D272093C5000DB974 /* Resources */,
			);
			buildRules = (
			);
			dependencies = (
			);
			name = NouraAlnami;
			productName = NouraAlnami;
			productReference = BD96450F272093C5000DB974 /* NouraAlnami.app */;
			productType = "com.apple.product-type.application";
		};
		BD964524272093C5000DB974 /* NouraAlnamiTests */ = {
			isa = PBXNativeTarget;
			buildConfigurationList = BD96453C272093C5000DB974 /* Build configuration list for PBXNativeTarget "NouraAlnamiTests" */;
			buildPhases = (
				BD964521272093C5000DB974 /* Sources */,
				BD964522272093C5000DB974 /* Frameworks */,
				BD964523272093C5000DB974 /* Resources */,
			);
			buildRules = (
			);
			dependencies = (
				BD964527272093C5000DB974 /* PBXTargetDependency */,
			);
			name = NouraAlnamiTests;
			productName = NouraAlnamiTests;
			productReference = BD964525272093C5000DB974 /* NouraAlnamiTests.xctest */;
			productType = "com.apple.product-type.bundle.unit-test";
		};
		BD96452E272093C5000DB974 /* NouraAlnamiUITests */ = {
			isa = PBXNativeTarget;
			buildConfigurationList = BD96453F272093C5000DB974 /* Build configuration list for PBXNativeTarget "NouraAlnamiUITests" */;
			buildPhases = (
				BD96452B272093C5000DB974 /* Sources */,
				BD96452C272093C5000DB974 /* Frameworks */,
				BD96452D272093C5000DB974 /* Resources */,
			);
			buildRules = (
			);
			dependencies = (
				BD964531272093C5000DB974 /* PBXTargetDependency */,
			);
			name = NouraAlnamiUITests;
			productName = NouraAlnamiUITests;
			productReference = BD96452F272093C5000DB974 /* NouraAlnamiUITests.xctest */;
			productType = "com.apple.product-type.bundle.ui-testing";
		};
/* End PBXNativeTarget section */

/* Begin PBXProject section */
		BD964507272093C5000DB974 /* Project object */ = {
			isa = PBXProject;
			attributes = {
				BuildIndependentTargetsInParallel = 1;
				LastSwiftUpdateCheck = 1300;
				LastUpgradeCheck = 1300;
				TargetAttributes = {
					BD96450E272093C5000DB974 = {
						CreatedOnToolsVersion = 13.0;
					};
					BD964524272093C5000DB974 = {
						CreatedOnToolsVersion = 13.0;
						TestTargetID = BD96450E272093C5000DB974;
					};
					BD96452E272093C5000DB974 = {
						CreatedOnToolsVersion = 13.0;
						TestTargetID = BD96450E272093C5000DB974;
					};
				};
			};
			buildConfigurationList = BD96450A272093C5000DB974 /* Build configuration list for PBXProject "NouraAlnami" */;
			compatibilityVersion = "Xcode 13.0";
			developmentRegion = en;
			hasScannedForEncodings = 0;
			knownRegions = (
				en,
				Base,
			);
			mainGroup = BD964506272093C5000DB974;
			productRefGroup = BD964510272093C5000DB974 /* Products */;
			projectDirPath = "";
			projectRoot = "";
			targets = (
				BD96450E272093C5000DB974 /* NouraAlnami */,
				BD964524272093C5000DB974 /* NouraAlnamiTests */,
				BD96452E272093C5000DB974 /* NouraAlnamiUITests */,
			);
		};
/* End PBXProject section */

/* Begin PBXResourcesBuildPhase section */
		BD96450D272093C5000DB974 /* Resources */ = {
			isa = PBXResourcesBuildPhase;
			buildActionMask = 2147483647;
			files = (
				BD96451F272093C5000DB974 /* LaunchScreen.storyboard in Resources */,
				BD96451C272093C5000DB974 /* Assets.xcassets in Resources */,
				BD96451A272093C5000DB974 /* Main.storyboard in Resources */,
			);
			runOnlyForDeploymentPostprocessing = 0;
		};
		BD964523272093C5000DB974 /* Resources */ = {
			isa = PBXResourcesBuildPhase;
			buildActionMask = 2147483647;
			files = (
			);
			runOnlyForDeploymentPostprocessing = 0;
		};
		BD96452D272093C5000DB974 /* Resources */ = {
			isa = PBXResourcesBuildPhase;
			buildActionMask = 2147483647;
			files = (
			);
			runOnlyForDeploymentPostprocessing = 0;
		};
/* End PBXResourcesBuildPhase section */

/* Begin PBXSourcesBuildPhase section */
		BD96450B272093C5000DB974 /* Sources */ = {
			isa = PBXSourcesBuildPhase;
			buildActionMask = 2147483647;
			files = (
				BD964517272093C5000DB974 /* ViewController.swift in Sources */,
				BD964513272093C5000DB974 /* AppDelegate.swift in Sources */,
				BD964515272093C5000DB974 /* SceneDelegate.swift in Sources */,
			);
			runOnlyForDeploymentPostprocessing = 0;
		};
		BD964521272093C5000DB974 /* Sources */ = {
			isa = PBXSourcesBuildPhase;
			buildActionMask = 2147483647;
			files = (
				BD96452A272093C5000DB974 /* NouraAlnamiTests.swift in Sources */,
			);
			runOnlyForDeploymentPostprocessing = 0;
		};
		BD96452B272093C5000DB974 /* Sources */ = {
			isa = PBXSourcesBuildPhase;
			buildActionMask = 2147483647;
			files = (
				BD964536272093C5000DB974 /* NouraAlnamiUITestsLaunchTests.swift in Sources */,
				BD964534272093C5000DB974 /* NouraAlnamiUITests.swift in Sources */,
			);
			runOnlyForDeploymentPostprocessing = 0;
		};
/* End PBXSourcesBuildPhase section */

/* Begin PBXTargetDependency section */
		BD964527272093C5000DB974 /* PBXTargetDependency */ = {
			isa = PBXTargetDependency;
			target = BD96450E272093C5000DB974 /* NouraAlnami */;
			targetProxy = BD964526272093C5000DB974 /* PBXContainerItemProxy */;
		};
		BD964531272093C5000DB974 /* PBXTargetDependency */ = {
			isa = PBXTargetDependency;
			target = BD96450E272093C5000DB974 /* NouraAlnami */;
			targetProxy = BD964530272093C5000DB974 /* PBXContainerItemProxy */;
		};
/* End PBXTargetDependency section */

/* Begin PBXVariantGroup section */
		BD964518272093C5000DB974 /* Main.storyboard */ = {
			isa = PBXVariantGroup;
			children = (
				BD964519272093C5000DB974 /* Base */,
			);
			name = Main.storyboard;
			sourceTree = "<group>";
		};
		BD96451D272093C5000DB974 /* LaunchScreen.storyboard */ = {
			isa = PBXVariantGroup;
			children = (
				BD96451E272093C5000DB974 /* Base */,
			);
			name = LaunchScreen.storyboard;
			sourceTree = "<group>";
		};
/* End PBXVariantGroup section */

/* Begin XCBuildConfiguration section */
		BD964537272093C5000DB974 /* Debug */ = {
			isa = XCBuildConfiguration;
			buildSettings = {
				ALWAYS_SEARCH_USER_PATHS = NO;
				CLANG_ANALYZER_NONNULL = YES;
				CLANG_ANALYZER_NUMBER_OBJECT_CONVERSION = YES_AGGRESSIVE;
				CLANG_CXX_LANGUAGE_STANDARD = "gnu++17";
				CLANG_CXX_LIBRARY = "libc++";
				CLANG_ENABLE_MODULES = YES;
				CLANG_ENABLE_OBJC_ARC = YES;
				CLANG_ENABLE_OBJC_WEAK = YES;
				CLANG_WARN_BLOCK_CAPTURE_AUTORELEASING = YES;
				CLANG_WARN_BOOL_CONVERSION = YES;
				CLANG_WARN_COMMA = YES;
				CLANG_WARN_CONSTANT_CONVERSION = YES;
				CLANG_WARN_DEPRECATED_OBJC_IMPLEMENTATIONS = YES;
				CLANG_WARN_DIRECT_OBJC_ISA_USAGE = YES_ERROR;
				CLANG_WARN_DOCUMENTATION_COMMENTS = YES;
				CLANG_WARN_EMPTY_BODY = YES;
				CLANG_WARN_ENUM_CONVERSION = YES;
				CLANG_WARN_INFINITE_RECURSION = YES;
				CLANG_WARN_INT_CONVERSION = YES;
				CLANG_WARN_NON_LITERAL_NULL_CONVERSION = YES;
				CLANG_WARN_OBJC_IMPLICIT_RETAIN_SELF = YES;
				CLANG_WARN_OBJC_LITERAL_CONVERSION = YES;
				CLANG_WARN_OBJC_ROOT_CLASS = YES_ERROR;
				CLANG_WARN_QUOTED_INCLUDE_IN_FRAMEWORK_HEADER = YES;
				CLANG_WARN_RANGE_LOOP_ANALYSIS = YES;
				CLANG_WARN_STRICT_PROTOTYPES = YES;
				CLANG_WARN_SUSPICIOUS_MOVE = YES;
				CLANG_WARN_UNGUARDED_AVAILABILITY = YES_AGGRESSIVE;
				CLANG_WARN_UNREACHABLE_CODE = YES;
				CLANG_WARN__DUPLICATE_METHOD_MATCH = YES;
				COPY_PHASE_STRIP = NO;
				DEBUG_INFORMATION_FORMAT = dwarf;
				ENABLE_STRICT_OBJC_MSGSEND = YES;
				ENABLE_TESTABILITY = YES;
				GCC_C_LANGUAGE_STANDARD = gnu11;
				GCC_DYNAMIC_NO_PIC = NO;
				GCC_NO_COMMON_BLOCKS = YES;
				GCC_OPTIMIZATION_LEVEL = 0;
				GCC_PREPROCESSOR_DEFINITIONS = (
					"DEBUG=1",
					"$(inherited)",
				);
				GCC_WARN_64_TO_32_BIT_CONVERSION = YES;
				GCC_WARN_ABOUT_RETURN_TYPE = YES_ERROR;
				GCC_WARN_UNDECLARED_SELECTOR = YES;
				GCC_WARN_UNINITIALIZED_AUTOS = YES_AGGRESSIVE;
				GCC_WARN_UNUSED_FUNCTION = YES;
				GCC_WARN_UNUSED_VARIABLE = YES;
				IPHONEOS_DEPLOYMENT_TARGET = 15.0;
				MTL_ENABLE_DEBUG_INFO = INCLUDE_SOURCE;
				MTL_FAST_MATH = YES;
				ONLY_ACTIVE_ARCH = YES;
				SDKROOT = iphoneos;
				SWIFT_ACTIVE_COMPILATION_CONDITIONS = DEBUG;
				SWIFT_OPTIMIZATION_LEVEL = "-Onone";
			};
			name = Debug;
		};
		BD964538272093C5000DB974 /* Release */ = {
			isa = XCBuildConfiguration;
			buildSettings = {
				ALWAYS_SEARCH_USER_PATHS = NO;
				CLANG_ANALYZER_NONNULL = YES;
				CLANG_ANALYZER_NUMBER_OBJECT_CONVERSION = YES_AGGRESSIVE;
				CLANG_CXX_LANGUAGE_STANDARD = "gnu++17";
				CLANG_CXX_LIBRARY = "libc++";
				CLANG_ENABLE_MODULES = YES;
				CLANG_ENABLE_OBJC_ARC = YES;
				CLANG_ENABLE_OBJC_WEAK = YES;
				CLANG_WARN_BLOCK_CAPTURE_AUTORELEASING = YES;
				CLANG_WARN_BOOL_CONVERSION = YES;
				CLANG_WARN_COMMA = YES;
				CLANG_WARN_CONSTANT_CONVERSION = YES;
				CLANG_WARN_DEPRECATED_OBJC_IMPLEMENTATIONS = YES;
				CLANG_WARN_DIRECT_OBJC_ISA_USAGE = YES_ERROR;
				CLANG_WARN_DOCUMENTATION_COMMENTS = YES;
				CLANG_WARN_EMPTY_BODY = YES;
				CLANG_WARN_ENUM_CONVERSION = YES;
				CLANG_WARN_INFINITE_RECURSION = YES;
				CLANG_WARN_INT_CONVERSION = YES;
				CLANG_WARN_NON_LITERAL_NULL_CONVERSION = YES;
				CLANG_WARN_OBJC_IMPLICIT_RETAIN_SELF = YES;
				CLANG_WARN_OBJC_LITERAL_CONVERSION = YES;
				CLANG_WARN_OBJC_ROOT_CLASS = YES_ERROR;
				CLANG_WARN_QUOTED_INCLUDE_IN_FRAMEWORK_HEADER = YES;
				CLANG_WARN_RANGE_LOOP_ANALYSIS = YES;
				CLANG_WARN_STRICT_PROTOTYPES = YES;
				CLANG_WARN_SUSPICIOUS_MOVE = YES;
				CLANG_WARN_UNGUARDED_AVAILABILITY = YES_AGGRESSIVE;
				CLANG_WARN_UNREACHABLE_CODE = YES;
				CLANG_WARN__DUPLICATE_METHOD_MATCH = YES;
				COPY_PHASE_STRIP = NO;
				DEBUG_INFORMATION_FORMAT = "dwarf-with-dsym";
				ENABLE_NS_ASSERTIONS = NO;
				ENABLE_STRICT_OBJC_MSGSEND = YES;
				GCC_C_LANGUAGE_STANDARD = gnu11;
				GCC_NO_COMMON_BLOCKS = YES;
				GCC_WARN_64_TO_32_BIT_CONVERSION = YES;
				GCC_WARN_ABOUT_RETURN_TYPE = YES_ERROR;
				GCC_WARN_UNDECLARED_SELECTOR = YES;
				GCC_WARN_UNINITIALIZED_AUTOS = YES_AGGRESSIVE;
				GCC_WARN_UNUSED_FUNCTION = YES;
				GCC_WARN_UNUSED_VARIABLE = YES;
				IPHONEOS_DEPLOYMENT_TARGET = 15.0;
				MTL_ENABLE_DEBUG_INFO = NO;
				MTL_FAST_MATH = YES;
				SDKROOT = iphoneos;
				SWIFT_COMPILATION_MODE = wholemodule;
				SWIFT_OPTIMIZATION_LEVEL = "-O";
				VALIDATE_PRODUCT = YES;
			};
			name = Release;
		};
		BD96453A272093C5000DB974 /* Debug */ = {
			isa = XCBuildConfiguration;
			buildSettings = {
				ASSETCATALOG_COMPILER_APPICON_NAME = AppIcon;
				ASSETCATALOG_COMPILER_GLOBAL_ACCENT_COLOR_NAME = AccentColor;
				CODE_SIGN_STYLE = Automatic;
				CURRENT_PROJECT_VERSION = 1;
				GENERATE_INFOPLIST_FILE = YES;
				INFOPLIST_FILE = NouraAlnami/Info.plist;
				INFOPLIST_KEY_UIApplicationSupportsIndirectInputEvents = YES;
				INFOPLIST_KEY_UILaunchStoryboardName = LaunchScreen;
				INFOPLIST_KEY_UIMainStoryboardFile = Main;
				INFOPLIST_KEY_UISupportedInterfaceOrientations_iPad = "UIInterfaceOrientationPortrait UIInterfaceOrientationPortraitUpsideDown UIInterfaceOrientationLandscapeLeft UIInterfaceOrientationLandscapeRight";
				INFOPLIST_KEY_UISupportedInterfaceOrientations_iPhone = "UIInterfaceOrientationPortrait UIInterfaceOrientationLandscapeLeft UIInterfaceOrientationLandscapeRight";
				LD_RUNPATH_SEARCH_PATHS = (
					"$(inherited)",
					"@executable_path/Frameworks",
				);
				MARKETING_VERSION = 1.0;
				PRODUCT_BUNDLE_IDENTIFIER = tuwaiq.jaz.NouraAlnami;
				PRODUCT_NAME = "$(TARGET_NAME)";
				SWIFT_EMIT_LOC_STRINGS = YES;
				SWIFT_VERSION = 5.0;
				TARGETED_DEVICE_FAMILY = "1,2";
			};
			name = Debug;
		};
		BD96453B272093C5000DB974 /* Release */ = {
			isa = XCBuildConfiguration;
			buildSettings = {
				ASSETCATALOG_COMPILER_APPICON_NAME = AppIcon;
				ASSETCATALOG_COMPILER_GLOBAL_ACCENT_COLOR_NAME = AccentColor;
				CODE_SIGN_STYLE = Automatic;
				CURRENT_PROJECT_VERSION = 1;
				GENERATE_INFOPLIST_FILE = YES;
				INFOPLIST_FILE = NouraAlnami/Info.plist;
				INFOPLIST_KEY_UIApplicationSupportsIndirectInputEvents = YES;
				INFOPLIST_KEY_UILaunchStoryboardName = LaunchScreen;
				INFOPLIST_KEY_UIMainStoryboardFile = Main;
				INFOPLIST_KEY_UISupportedInterfaceOrientations_iPad = "UIInterfaceOrientationPortrait UIInterfaceOrientationPortraitUpsideDown UIInterfaceOrientationLandscapeLeft UIInterfaceOrientationLandscapeRight";
				INFOPLIST_KEY_UISupportedInterfaceOrientations_iPhone = "UIInterfaceOrientationPortrait UIInterfaceOrientationLandscapeLeft UIInterfaceOrientationLandscapeRight";
				LD_RUNPATH_SEARCH_PATHS = (
					"$(inherited)",
					"@executable_path/Frameworks",
				);
				MARKETING_VERSION = 1.0;
				PRODUCT_BUNDLE_IDENTIFIER = tuwaiq.jaz.NouraAlnami;
				PRODUCT_NAME = "$(TARGET_NAME)";
				SWIFT_EMIT_LOC_STRINGS = YES;
				SWIFT_VERSION = 5.0;
				TARGETED_DEVICE_FAMILY = "1,2";
			};
			name = Release;
		};
		BD96453D272093C5000DB974 /* Debug */ = {
			isa = XCBuildConfiguration;
			buildSettings = {
				ALWAYS_EMBED_SWIFT_STANDARD_LIBRARIES = YES;
				BUNDLE_LOADER = "$(TEST_HOST)";
				CODE_SIGN_STYLE = Automatic;
				CURRENT_PROJECT_VERSION = 1;
				GENERATE_INFOPLIST_FILE = YES;
				IPHONEOS_DEPLOYMENT_TARGET = 15.0;
				LD_RUNPATH_SEARCH_PATHS = (
					"$(inherited)",
					"@executable_path/Frameworks",
					"@loader_path/Frameworks",
				);
				MARKETING_VERSION = 1.0;
				PRODUCT_BUNDLE_IDENTIFIER = tuwaiq.jaz.NouraAlnamiTests;
				PRODUCT_NAME = "$(TARGET_NAME)";
				SWIFT_EMIT_LOC_STRINGS = NO;
				SWIFT_VERSION = 5.0;
				TARGETED_DEVICE_FAMILY = "1,2";
				TEST_HOST = "$(BUILT_PRODUCTS_DIR)/NouraAlnami.app/NouraAlnami";
			};
			name = Debug;
		};
		BD96453E272093C5000DB974 /* Release */ = {
			isa = XCBuildConfiguration;
			buildSettings = {
				ALWAYS_EMBED_SWIFT_STANDARD_LIBRARIES = YES;
				BUNDLE_LOADER = "$(TEST_HOST)";
				CODE_SIGN_STYLE = Automatic;
				CURRENT_PROJECT_VERSION = 1;
				GENERATE_INFOPLIST_FILE = YES;
				IPHONEOS_DEPLOYMENT_TARGET = 15.0;
				LD_RUNPATH_SEARCH_PATHS = (
					"$(inherited)",
					"@executable_path/Frameworks",
					"@loader_path/Frameworks",
				);
				MARKETING_VERSION = 1.0;
				PRODUCT_BUNDLE_IDENTIFIER = tuwaiq.jaz.NouraAlnamiTests;
				PRODUCT_NAME = "$(TARGET_NAME)";
				SWIFT_EMIT_LOC_STRINGS = NO;
				SWIFT_VERSION = 5.0;
				TARGETED_DEVICE_FAMILY = "1,2";
				TEST_HOST = "$(BUILT_PRODUCTS_DIR)/NouraAlnami.app/NouraAlnami";
			};
			name = Release;
		};
		BD964540272093C5000DB974 /* Debug */ = {
			isa = XCBuildConfiguration;
			buildSettings = {
				ALWAYS_EMBED_SWIFT_STANDARD_LIBRARIES = YES;
				CODE_SIGN_STYLE = Automatic;
				CURRENT_PROJECT_VERSION = 1;
				GENERATE_INFOPLIST_FILE = YES;
				LD_RUNPATH_SEARCH_PATHS = (
					"$(inherited)",
					"@executable_path/Frameworks",
					"@loader_path/Frameworks",
				);
				MARKETING_VERSION = 1.0;
				PRODUCT_BUNDLE_IDENTIFIER = tuwaiq.jaz.NouraAlnamiUITests;
				PRODUCT_NAME = "$(TARGET_NAME)";
				SWIFT_EMIT_LOC_STRINGS = NO;
				SWIFT_VERSION = 5.0;
				TARGETED_DEVICE_FAMILY = "1,2";
				TEST_TARGET_NAME = NouraAlnami;
			};
			name = Debug;
		};
		BD964541272093C5000DB974 /* Release */ = {
			isa = XCBuildConfiguration;
			buildSettings = {
				ALWAYS_EMBED_SWIFT_STANDARD_LIBRARIES = YES;
				CODE_SIGN_STYLE = Automatic;
				CURRENT_PROJECT_VERSION = 1;
				GENERATE_INFOPLIST_FILE = YES;
				LD_RUNPATH_SEARCH_PATHS = (
					"$(inherited)",
					"@executable_path/Frameworks",
					"@loader_path/Frameworks",
				);
				MARKETING_VERSION = 1.0;
				PRODUCT_BUNDLE_IDENTIFIER = tuwaiq.jaz.NouraAlnamiUITests;
				PRODUCT_NAME = "$(TARGET_NAME)";
				SWIFT_EMIT_LOC_STRINGS = NO;
				SWIFT_VERSION = 5.0;
				TARGETED_DEVICE_FAMILY = "1,2";
				TEST_TARGET_NAME = NouraAlnami;
			};
			name = Release;
		};
/* End XCBuildConfiguration section */

/* Begin XCConfigurationList section */
		BD96450A272093C5000DB974 /* Build configuration list for PBXProject "NouraAlnami" */ = {
			isa = XCConfigurationList;
			buildConfigurations = (
				BD964537272093C5000DB974 /* Debug */,
				BD964538272093C5000DB974 /* Release */,
			);
			defaultConfigurationIsVisible = 0;
			defaultConfigurationName = Release;
		};
		BD964539272093C5000DB974 /* Build configuration list for PBXNativeTarget "NouraAlnami" */ = {
			isa = XCConfigurationList;
			buildConfigurations = (
				BD96453A272093C5000DB974 /* Debug */,
				BD96453B272093C5000DB974 /* Release */,
			);
			defaultConfigurationIsVisible = 0;
			defaultConfigurationName = Release;
		};
		BD96453C272093C5000DB974 /* Build configuration list for PBXNativeTarget "NouraAlnamiTests" */ = {
			isa = XCConfigurationList;
			buildConfigurations = (
				BD96453D272093C5000DB974 /* Debug */,
				BD96453E272093C5000DB974 /* Release */,
			);
			defaultConfigurationIsVisible = 0;
			defaultConfigurationName = Release;
		};
		BD96453F272093C5000DB974 /* Build configuration list for PBXNativeTarget "NouraAlnamiUITests" */ = {
			isa = XCConfigurationList;
			buildConfigurations = (
				BD964540272093C5000DB974 /* Debug */,
				BD964541272093C5000DB974 /* Release */,
			);
			defaultConfigurationIsVisible = 0;
			defaultConfigurationName = Release;
		};
/* End XCConfigurationList section */
	};
	rootObject = BD964507272093C5000DB974 /* Project object */;
}
